
Microsoft Visual Studio Solution File, Format Version 10.00
# Visual Studio 2008
Project("{FAE04EC0-301F-11D3-BF4B-00C04F79EFBC}") = "TestControls", "TestControls\TestControls.csproj", "{B2B02AE1-E37A-4FF6-AECA-FC5F06F085DE}"
EndProject
Project("{FAE04EC0-301F-11D3-BF4B-00C04F79EFBC}") = "EMR.Controls", "EMR.Controls\EMR.Controls.csproj", "{9A834084-624C-4698-8CA4-1B57E73A2574}"
EndProject
Project("{FAE04EC0-301F-11D3-BF4B-00C04F79EFBC}") = "Prescription.Controls", "Prescription.Controls\Prescription.Controls.csproj", "{BCE47D8E-938F-4D86-AB2D-2DB2719E7E9F}"
EndProject
Project("{FAE04EC0-301F-11D3-BF4B-00C04F79EFBC}") = "BedCard.Controls", "BedCard.Controls\BedCard.Controls.csproj", "{C1000A00-4DC5-4DEC-BB7B-B987B95215ED}"
EndProject
Project("{FAE04EC0-301F-11D3-BF4B-00C04F79EFBC}") = "Temperature.Controls", "Temperature.Controls\Temperature.Controls.csproj", "{D605629B-C30D-46CA-A031-9F4650B1F6CD}"
EndProject
Project("{FAE04EC0-301F-11D3-BF4B-00C04F79EFBC}") = "Advice.Controls", "Advice.Controls\Advice.Controls.csproj", "{FD064B3E-1562-422B-BEBB-17A96E04FCAC}"
EndProject
Project("{FAE04EC0-301F-11D3-BF4B-00C04F79EFBC}") = "MRecordFirst.Controls", "MRecordFirst.Controls\MRecordFirst.Controls.csproj", "{00D88B93-77EC-4B35-8B24-8BF8EA77D72D}"
EndProject
Project("{FAE04EC0-301F-11D3-BF4B-00C04F79EFBC}") = "Pricing.Controls", "Pricing.Controls\Pricing.Controls.csproj", "{75502730-B80F-4587-9477-69E72AAD0D96}"
EndProject
Project("{FAE04EC0-301F-11D3-BF4B-00C04F79EFBC}") = "CustomDocument.Controls", "CustomDocument.Controls\CustomDocument.Controls.csproj", "{A5ED267F-EDFC-478B-8A7B-A0B01B698F70}"
EndProject
Project("{FAE04EC0-301F-11D3-BF4B-00C04F79EFBC}") = "BaseControls", "BaseControls\BaseControls.csproj", "{F3C417B6-9F65-4C40-83A1-EBA50E2D4AA1}"
EndProject
Project("{FAE04EC0-301F-11D3-BF4B-00C04F79EFBC}") = "GenerateLicense", "GenerateLicense\GenerateLicense.csproj", "{91704EFC-8A01-4D47-8B03-301C7A5CE6B9}"
EndProject
Project("{2150E333-8FDC-42A3-9474-1A3956D46DE8}") = "Other", "Other", "{E5B6B171-B4ED-4E91-8A1B-15E65BCE7340}"
EndProject
Project("{FAE04EC0-301F-11D3-BF4B-00C04F79EFBC}") = "EfwControls", "EfwControls\EfwControls.csproj", "{A7618987-492B-4D5D-92C2-0381EC45817F}"
EndProject
Global
	GlobalSection(SolutionConfigurationPlatforms) = preSolution
		Debug|Any CPU = Debug|Any CPU
		Debug|x86 = Debug|x86
		Release|Any CPU = Release|Any CPU
		Release|x86 = Release|x86
	EndGlobalSection
	GlobalSection(ProjectConfigurationPlatforms) = postSolution
		{B2B02AE1-E37A-4FF6-AECA-FC5F06F085DE}.Debug|Any CPU.ActiveCfg = Debug|Any CPU
		{B2B02AE1-E37A-4FF6-AECA-FC5F06F085DE}.Debug|Any CPU.Build.0 = Debug|Any CPU
		{B2B02AE1-E37A-4FF6-AECA-FC5F06F085DE}.Debug|x86.ActiveCfg = Debug|x86
		{B2B02AE1-E37A-4FF6-AECA-FC5F06F085DE}.Debug|x86.Build.0 = Debug|x86
		{B2B02AE1-E37A-4FF6-AECA-FC5F06F085DE}.Release|Any CPU.ActiveCfg = Release|Any CPU
		{B2B02AE1-E37A-4FF6-AECA-FC5F06F085DE}.Release|Any CPU.Build.0 = Release|Any CPU
		{B2B02AE1-E37A-4FF6-AECA-FC5F06F085DE}.Release|x86.ActiveCfg = Release|x86
		{B2B02AE1-E37A-4FF6-AECA-FC5F06F085DE}.Release|x86.Build.0 = Release|x86
		{9A834084-624C-4698-8CA4-1B57E73A2574}.Debug|Any CPU.ActiveCfg = Debug|Any CPU
		{9A834084-624C-4698-8CA4-1B57E73A2574}.Debug|Any CPU.Build.0 = Debug|Any CPU
		{9A834084-624C-4698-8CA4-1B57E73A2574}.Debug|x86.ActiveCfg = Debug|x86
		{9A834084-624C-4698-8CA4-1B57E73A2574}.Debug|x86.Build.0 = Debug|x86
		{9A834084-624C-4698-8CA4-1B57E73A2574}.Release|Any CPU.ActiveCfg = Release|Any CPU
		{9A834084-624C-4698-8CA4-1B57E73A2574}.Release|Any CPU.Build.0 = Release|Any CPU
		{9A834084-624C-4698-8CA4-1B57E73A2574}.Release|x86.ActiveCfg = Release|x86
		{9A834084-624C-4698-8CA4-1B57E73A2574}.Release|x86.Build.0 = Release|x86
		{BCE47D8E-938F-4D86-AB2D-2DB2719E7E9F}.Debug|Any CPU.ActiveCfg = Debug|Any CPU
		{BCE47D8E-938F-4D86-AB2D-2DB2719E7E9F}.Debug|Any CPU.Build.0 = Debug|Any CPU
		{BCE47D8E-938F-4D86-AB2D-2DB2719E7E9F}.Debug|x86.ActiveCfg = Debug|x86
		{BCE47D8E-938F-4D86-AB2D-2DB2719E7E9F}.Debug|x86.Build.0 = Debug|x86
		{BCE47D8E-938F-4D86-AB2D-2DB2719E7E9F}.Release|Any CPU.ActiveCfg = Release|Any CPU
		{BCE47D8E-938F-4D86-AB2D-2DB2719E7E9F}.Release|Any CPU.Build.0 = Release|Any CPU
		{BCE47D8E-938F-4D86-AB2D-2DB2719E7E9F}.Release|x86.ActiveCfg = Release|Any CPU
		{C1000A00-4DC5-4DEC-BB7B-B987B95215ED}.Debug|Any CPU.ActiveCfg = Debug|Any CPU
		{C1000A00-4DC5-4DEC-BB7B-B987B95215ED}.Debug|Any CPU.Build.0 = Debug|Any CPU
		{C1000A00-4DC5-4DEC-BB7B-B987B95215ED}.Debug|x86.ActiveCfg = Debug|x86
		{C1000A00-4DC5-4DEC-BB7B-B987B95215ED}.Debug|x86.Build.0 = Debug|x86
		{C1000A00-4DC5-4DEC-BB7B-B987B95215ED}.Release|Any CPU.ActiveCfg = Release|Any CPU
		{C1000A00-4DC5-4DEC-BB7B-B987B95215ED}.Release|Any CPU.Build.0 = Release|Any CPU
		{C1000A00-4DC5-4DEC-BB7B-B987B95215ED}.Release|x86.ActiveCfg = Release|Any CPU
		{D605629B-C30D-46CA-A031-9F4650B1F6CD}.Debug|Any CPU.ActiveCfg = Debug|Any CPU
		{D605629B-C30D-46CA-A031-9F4650B1F6CD}.Debug|Any CPU.Build.0 = Debug|Any CPU
		{D605629B-C30D-46CA-A031-9F4650B1F6CD}.Debug|x86.ActiveCfg = Debug|x86
		{D605629B-C30D-46CA-A031-9F4650B1F6CD}.Release|Any CPU.ActiveCfg = Release|Any CPU
		{D605629B-C30D-46CA-A031-9F4650B1F6CD}.Release|Any CPU.Build.0 = Release|Any CPU
		{D605629B-C30D-46CA-A031-9F4650B1F6CD}.Release|x86.ActiveCfg = Release|Any CPU
		{FD064B3E-1562-422B-BEBB-17A96E04FCAC}.Debug|Any CPU.ActiveCfg = Debug|Any CPU
		{FD064B3E-1562-422B-BEBB-17A96E04FCAC}.Debug|Any CPU.Build.0 = Debug|Any CPU
		{FD064B3E-1562-422B-BEBB-17A96E04FCAC}.Debug|x86.ActiveCfg = Debug|x86
		{FD064B3E-1562-422B-BEBB-17A96E04FCAC}.Release|Any CPU.ActiveCfg = Release|Any CPU
		{FD064B3E-1562-422B-BEBB-17A96E04FCAC}.Release|Any CPU.Build.0 = Release|Any CPU
		{FD064B3E-1562-422B-BEBB-17A96E04FCAC}.Release|x86.ActiveCfg = Release|Any CPU
		{00D88B93-77EC-4B35-8B24-8BF8EA77D72D}.Debug|Any CPU.ActiveCfg = Debug|Any CPU
		{00D88B93-77EC-4B35-8B24-8BF8EA77D72D}.Debug|Any CPU.Build.0 = Debug|Any CPU
		{00D88B93-77EC-4B35-8B24-8BF8EA77D72D}.Debug|x86.ActiveCfg = Debug|x86
		{00D88B93-77EC-4B35-8B24-8BF8EA77D72D}.Release|Any CPU.ActiveCfg = Release|Any CPU
		{00D88B93-77EC-4B35-8B24-8BF8EA77D72D}.Release|Any CPU.Build.0 = Release|Any CPU
		{00D88B93-77EC-4B35-8B24-8BF8EA77D72D}.Release|x86.ActiveCfg = Release|Any CPU
		{75502730-B80F-4587-9477-69E72AAD0D96}.Debug|Any CPU.ActiveCfg = Debug|Any CPU
		{75502730-B80F-4587-9477-69E72AAD0D96}.Debug|Any CPU.Build.0 = Debug|Any CPU
		{75502730-B80F-4587-9477-69E72AAD0D96}.Debug|x86.ActiveCfg = Debug|x86
		{75502730-B80F-4587-9477-69E72AAD0D96}.Release|Any CPU.ActiveCfg = Release|Any CPU
		{75502730-B80F-4587-9477-69E72AAD0D96}.Release|Any CPU.Build.0 = Release|Any CPU
		{75502730-B80F-4587-9477-69E72AAD0D96}.Release|x86.ActiveCfg = Release|Any CPU
		{A5ED267F-EDFC-478B-8A7B-A0B01B698F70}.Debug|Any CPU.ActiveCfg = Debug|Any CPU
		{A5ED267F-EDFC-478B-8A7B-A0B01B698F70}.Debug|Any CPU.Build.0 = Debug|Any CPU
		{A5ED267F-EDFC-478B-8A7B-A0B01B698F70}.Debug|x86.ActiveCfg = Debug|x86
		{A5ED267F-EDFC-478B-8A7B-A0B01B698F70}.Debug|x86.Build.0 = Debug|x86
		{A5ED267F-EDFC-478B-8A7B-A0B01B698F70}.Release|Any CPU.ActiveCfg = Release|Any CPU
		{A5ED267F-EDFC-478B-8A7B-A0B01B698F70}.Release|Any CPU.Build.0 = Release|Any CPU
		{A5ED267F-EDFC-478B-8A7B-A0B01B698F70}.Release|x86.ActiveCfg = Release|Any CPU
		{F3C417B6-9F65-4C40-83A1-EBA50E2D4AA1}.Debug|Any CPU.ActiveCfg = Debug|Any CPU
		{F3C417B6-9F65-4C40-83A1-EBA50E2D4AA1}.Debug|Any CPU.Build.0 = Debug|Any CPU
		{F3C417B6-9F65-4C40-83A1-EBA50E2D4AA1}.Debug|x86.ActiveCfg = Debug|x86
		{F3C417B6-9F65-4C40-83A1-EBA50E2D4AA1}.Debug|x86.Build.0 = Debug|x86
		{F3C417B6-9F65-4C40-83A1-EBA50E2D4AA1}.Release|Any CPU.ActiveCfg = Release|Any CPU
		{F3C417B6-9F65-4C40-83A1-EBA50E2D4AA1}.Release|Any CPU.Build.0 = Release|Any CPU
		{F3C417B6-9F65-4C40-83A1-EBA50E2D4AA1}.Release|x86.ActiveCfg = Release|Any CPU
		{91704EFC-8A01-4D47-8B03-301C7A5CE6B9}.Debug|Any CPU.ActiveCfg = Debug|Any CPU
		{91704EFC-8A01-4D47-8B03-301C7A5CE6B9}.Debug|Any CPU.Build.0 = Debug|Any CPU
		{91704EFC-8A01-4D47-8B03-301C7A5CE6B9}.Debug|x86.ActiveCfg = Debug|x86
		{91704EFC-8A01-4D47-8B03-301C7A5CE6B9}.Debug|x86.Build.0 = Debug|x86
		{91704EFC-8A01-4D47-8B03-301C7A5CE6B9}.Release|Any CPU.ActiveCfg = Release|Any CPU
		{91704EFC-8A01-4D47-8B03-301C7A5CE6B9}.Release|Any CPU.Build.0 = Release|Any CPU
		{91704EFC-8A01-4D47-8B03-301C7A5CE6B9}.Release|x86.ActiveCfg = Release|Any CPU
		{A7618987-492B-4D5D-92C2-0381EC45817F}.Debug|Any CPU.ActiveCfg = Debug|Any CPU
		{A7618987-492B-4D5D-92C2-0381EC45817F}.Debug|Any CPU.Build.0 = Debug|Any CPU
		{A7618987-492B-4D5D-92C2-0381EC45817F}.Debug|x86.ActiveCfg = Debug|x86
		{A7618987-492B-4D5D-92C2-0381EC45817F}.Release|Any CPU.ActiveCfg = Release|Any CPU
		{A7618987-492B-4D5D-92C2-0381EC45817F}.Release|Any CPU.Build.0 = Release|Any CPU
		{A7618987-492B-4D5D-92C2-0381EC45817F}.Release|x86.ActiveCfg = Release|Any CPU
	EndGlobalSection
	GlobalSection(SolutionProperties) = preSolution
		HideSolutionNode = FALSE
	EndGlobalSection
	GlobalSection(NestedProjects) = preSolution
		{91704EFC-8A01-4D47-8B03-301C7A5CE6B9} = {E5B6B171-B4ED-4E91-8A1B-15E65BCE7340}
		{B2B02AE1-E37A-4FF6-AECA-FC5F06F085DE} = {E5B6B171-B4ED-4E91-8A1B-15E65BCE7340}
	EndGlobalSection
EndGlobal
